PODS:
  - Alamofire (4.7.2)
  - CoreStore (5.1.0)
  - CryptoSwift (0.9.0)
  - FileBrowser (1.0.0)
  - Geth (1.8.8)
  - KeychainSwift (11.0.0)
  - Moya (11.0.2):
    - Moya/Core (= 11.0.2)
  - Moya/Core (11.0.2):
    - Alamofire (~> 4.1)
    - Result (~> 3.0)
  - Nimble (7.1.1)
  - ObjectMapper (3.1.0)
  - OpenCV (3.4.1)
  - Quick (1.3.0)
  - Result (3.2.4)
  - SwiftyJSON (4.1.0)

DEPENDENCIES:
  - CoreStore
  - CryptoSwift
  - FileBrowser
  - Geth
  - KeychainSwift
  - Moya
  - Nimble
  - ObjectMapper
  - OpenCV
  - Quick
  - Result
  - SwiftyJSON

SPEC REPOS:
  https://github.com/cocoapods/specs.git:
    - Alamofire
    - CoreStore
    - CryptoSwift
    - FileBrowser
    - Geth
    - KeychainSwift
    - Moya
    - Nimble
    - ObjectMapper
    - OpenCV
    - Quick
    - Result
    - SwiftyJSON

SPEC CHECKSUMS:
  Alamofire: e4fa87002c137ba2d8d634d2c51fabcda0d5c223
  CoreStore: 5fd51cbe7ea2d7b4dfc6327031ab6ff6f7c63175
  CryptoSwift: bca8c5b653dcc2d9734409242a070ff53bafac86
  FileBrowser: 2ca91ff61c9ea09665eb3b8f9e64a7a77e66a0bf
  Geth: 483ea44b5f930b72320218290b939ba8e2389aaf
  KeychainSwift: bea6bd9f98af7b8d7ca4aa79fe105c00fab532db
  Moya: a725035953bc1c0eb1be505ab903984501d82440
  Nimble: 391f07782af4b37914f9bd7b2ffbb952731b8202
  ObjectMapper: 20505058f54e5c3ca69e1d6de9897d152a5369a6
  OpenCV: 533d4b33a02bd225c49838901db2a1ddb6efe6b1
  Quick: 03278013f71aa05fe9ecabc94fbcc6835f1ee76f
  Result: d2d07204ce72856f1fd9130bbe42c35a7b0fea10
  SwiftyJSON: c29297daf073d2aa016295d5809cdd68045c39b3

PODFILE CHECKSUM: 5cb9239b2df3c75d2c6ee2818a7bb553b70ead3d

COCOAPODS: 1.5.3
